
Microsoft Visual Studio Solution File, Format Version 12.00
# Visual Studio Version 17
VisualStudioVersion = 17.12.35527.113
MinimumVisualStudioVersion = 10.0.40219.1
Project("{9A19103F-16F7-4668-BE54-9A1E7A4F7556}") = "LearnEase.API", "LearnEase-Api\LearnEase.API.csproj", "{36E2B2B9-4C07-43F4-BA5C-F7D298F792AE}"
EndProject
Project("{9A19103F-16F7-4668-BE54-9A1E7A4F7556}") = "LearnEase.Core", "LearnEase.Core\LearnEase.Core.csproj", "{03828CE4-D011-4349-9669-2BF89C129CF5}"
EndProject
Project("{9A19103F-16F7-4668-BE54-9A1E7A4F7556}") = "LearnEase.Service", "LearnEase.BLL\LearnEase.Service.csproj", "{8655EB97-CFDC-4858-AE02-E5C95B6BC989}"
EndProject
Project("{9A19103F-16F7-4668-BE54-9A1E7A4F7556}") = "LearnEase.Repository", "LearnEase.DAL\LearnEase.Repository.csproj", "{499E24DE-C5E5-4065-B28A-60169311F873}"
EndProject
Global
	GlobalSection(SolutionConfigurationPlatforms) = preSolution
		Debug|Any CPU = Debug|Any CPU
		Release|Any CPU = Release|Any CPU
	EndGlobalSection
	GlobalSection(ProjectConfigurationPlatforms) = postSolution
		{36E2B2B9-4C07-43F4-BA5C-F7D298F792AE}.Debug|Any CPU.ActiveCfg = Debug|Any CPU
		{36E2B2B9-4C07-43F4-BA5C-F7D298F792AE}.Debug|Any CPU.Build.0 = Debug|Any CPU
		{36E2B2B9-4C07-43F4-BA5C-F7D298F792AE}.Release|Any CPU.ActiveCfg = Release|Any CPU
		{36E2B2B9-4C07-43F4-BA5C-F7D298F792AE}.Release|Any CPU.Build.0 = Release|Any CPU
		{03828CE4-D011-4349-9669-2BF89C129CF5}.Debug|Any CPU.ActiveCfg = Debug|Any CPU
		{03828CE4-D011-4349-9669-2BF89C129CF5}.Debug|Any CPU.Build.0 = Debug|Any CPU
		{03828CE4-D011-4349-9669-2BF89C129CF5}.Release|Any CPU.ActiveCfg = Release|Any CPU
		{03828CE4-D011-4349-9669-2BF89C129CF5}.Release|Any CPU.Build.0 = Release|Any CPU
		{8655EB97-CFDC-4858-AE02-E5C95B6BC989}.Debug|Any CPU.ActiveCfg = Debug|Any CPU
		{8655EB97-CFDC-4858-AE02-E5C95B6BC989}.Debug|Any CPU.Build.0 = Debug|Any CPU
		{8655EB97-CFDC-4858-AE02-E5C95B6BC989}.Release|Any CPU.ActiveCfg = Release|Any CPU
		{8655EB97-CFDC-4858-AE02-E5C95B6BC989}.Release|Any CPU.Build.0 = Release|Any CPU
		{499E24DE-C5E5-4065-B28A-60169311F873}.Debug|Any CPU.ActiveCfg = Debug|Any CPU
		{499E24DE-C5E5-4065-B28A-60169311F873}.Debug|Any CPU.Build.0 = Debug|Any CPU
		{499E24DE-C5E5-4065-B28A-60169311F873}.Release|Any CPU.ActiveCfg = Release|Any CPU
		{499E24DE-C5E5-4065-B28A-60169311F873}.Release|Any CPU.Build.0 = Release|Any CPU
	EndGlobalSection
	GlobalSection(SolutionProperties) = preSolution
		HideSolutionNode = FALSE
	EndGlobalSection
	GlobalSection(ExtensibilityGlobals) = postSolution
		SolutionGuid = {CC0C9CDC-D4BF-46F9-B650-CD2C134A4A7D}
	EndGlobalSection
EndGlobal
